{
  "name": "imagine-carousel",
  "lockfileVersion": 3,
  "requires": true,
  "packages": {
    "": {
      "name": "imagine-carousel",
      "dependencies": {
        "@fontsource/ibm-plex-mono": "^5.3.0",
        "@fontsource/instrument-serif": "^5.3.0",
        "@fontsource/inter-tight": "^5.3.0",
        "pretendard": "^1.3.9"
      }
    },
    "node_modules/@fontsource/ibm-plex-mono": {
      "version": "5.3.0",
      "resolved": "https://registry.npmjs.org/@fontsource/ibm-plex-mono/-/ibm-plex-mono-5.3.0.tgz",
      "integrity": "sha512-eTgnZjZEGk1QtD3ZstF+Vclo2HLAni8YMy34/DxllwZvyz1lR/1RF/xTiAquOBO7MvqBx8D2Ig2WCPMVfdZu7Q==",
      "license": "OFL-1.1",
      "funding": {
        "url": "https://github.com/sponsors/ayuhito"
      }
    },
    "node_modules/@fontsource/instrument-serif": {
      "version": "5.3.0",
      "resolved": "https://registry.npmjs.org/@fontsource/instrument-serif/-/instrument-serif-5.3.0.tgz",
      "integrity": "sha512-mDiaIg0u67sYV59fie92Wz4sM8UiVlbL7fLxnFPCKkX15DMASEnQTREbaP5S5/3DCcsoAOcQ0sV9E4AeY4QqYQ==",
      "license": "OFL-1.1",
      "funding": {
        "url": "https://github.com/sponsors/ayuhito"
      }
    },
    "node_modules/@fontsource/inter-tight": {
      "version": "5.3.0",
      "resolved": "https://registry.npmjs.org/@fontsource/inter-tight/-/inter-tight-5.3.0.tgz",
      "integrity": "sha512-uRwIrjKSUcCKIFeO2qm3yECA9phwge6Y1qQZvUmwqFgiIVWUELwwuq7pFlmlpPtO33ZtFQVOXQGNuvna1JPs6A==",
      "license": "OFL-1.1",
      "funding": {
        "url": "https://github.com/sponsors/ayuhito"
      }
    },
    "node_modules/pretendard": {
      "version": "1.3.9",
      "resolved": "https://registry.npmjs.org/pretendard/-/pretendard-1.3.9.tgz",
      "integrity": "sha512-PaQAADyLY5v4kYFwkpSJHbSSYIkiriY/1xXw75TKoZ9UQQqeU+tvP05yTdZAWibiIYoo8ZKtRv8PM7w0IaywSw==",
      "license": "OFL-1.1"
    }
  }
}
